<Solution>
  <Configurations>
    <Platform Name="x64" />
    <Platform Name="x86" />
  </Configurations>
  <Project Path="Addressbook-step01/Addressbook-step01.vcxproj" />
  <Project Path="Addressbook-step02/Addressbook-step02.vcxproj" />
  <Project Path="Addressbook-step03/Addressbook-step03.vcxproj" />
  <Project Path="Addressbook-step04/Addressbook-step04.vcxproj" />
</Solution>
